
Microsoft Visual Studio Solution File, Format Version 12.00
# Visual Studio Version 17
VisualStudioVersion = 17.10.34928.147
MinimumVisualStudioVersion = 10.0.40219.1
Project("{9A19103F-16F7-4668-BE54-9A1E7A4F7556}") = "Dometrain.EFCore.API", "Dometrain.EFCore.API\Dometrain.EFCore.API.csproj", "{2B791243-64DA-4FF0-8992-9FDD1A58C909}"
EndProject
Project("{9A19103F-16F7-4668-BE54-9A1E7A4F7556}") = "Dometrain.EFCore.SimpleAPI", "Dometrain.EFCore.SimpleAPI\Dometrain.EFCore.SimpleAPI.csproj", "{230B4369-4E0D-44E3-ACEE-4F4BD948B9EF}"
EndProject
Project("{9A19103F-16F7-4668-BE54-9A1E7A4F7556}") = "Dometrain.EFCore.Tests", "Dometrain.EFCore.Tests\Dometrain.EFCore.Tests.csproj", "{75CA3D4C-7180-444F-9209-A3805FF2FF53}"
EndProject
Global
	GlobalSection(SolutionConfigurationPlatforms) = preSolution
		Debug|Any CPU = Debug|Any CPU
		Release|Any CPU = Release|Any CPU
	EndGlobalSection
	GlobalSection(ProjectConfigurationPlatforms) = postSolution
		{2B791243-64DA-4FF0-8992-9FDD1A58C909}.Debug|Any CPU.ActiveCfg = Debug|Any CPU
		{2B791243-64DA-4FF0-8992-9FDD1A58C909}.Debug|Any CPU.Build.0 = Debug|Any CPU
		{2B791243-64DA-4FF0-8992-9FDD1A58C909}.Release|Any CPU.ActiveCfg = Release|Any CPU
		{2B791243-64DA-4FF0-8992-9FDD1A58C909}.Release|Any CPU.Build.0 = Release|Any CPU
		{230B4369-4E0D-44E3-ACEE-4F4BD948B9EF}.Debug|Any CPU.ActiveCfg = Debug|Any CPU
		{230B4369-4E0D-44E3-ACEE-4F4BD948B9EF}.Debug|Any CPU.Build.0 = Debug|Any CPU
		{230B4369-4E0D-44E3-ACEE-4F4BD948B9EF}.Release|Any CPU.ActiveCfg = Release|Any CPU
		{230B4369-4E0D-44E3-ACEE-4F4BD948B9EF}.Release|Any CPU.Build.0 = Release|Any CPU
		{75CA3D4C-7180-444F-9209-A3805FF2FF53}.Debug|Any CPU.ActiveCfg = Debug|Any CPU
		{75CA3D4C-7180-444F-9209-A3805FF2FF53}.Debug|Any CPU.Build.0 = Debug|Any CPU
		{75CA3D4C-7180-444F-9209-A3805FF2FF53}.Release|Any CPU.ActiveCfg = Release|Any CPU
		{75CA3D4C-7180-444F-9209-A3805FF2FF53}.Release|Any CPU.Build.0 = Release|Any CPU
	EndGlobalSection
	GlobalSection(SolutionProperties) = preSolution
		HideSolutionNode = FALSE
	EndGlobalSection
EndGlobal
