
Microsoft Visual Studio Solution File, Format Version 12.00
# Visual Studio Version 17
VisualStudioVersion = 17.10.34928.147
MinimumVisualStudioVersion = 10.0.40219.1
Project("{9A19103F-16F7-4668-BE54-9A1E7A4F7556}") = "Delegates", "Delegates\Delegates.csproj", "{E135D581-700C-4ABB-A7F1-CD6E8B38C09C}"
EndProject
Project("{9A19103F-16F7-4668-BE54-9A1E7A4F7556}") = "TitanicExplorer", "TitanicExplorer\TitanicExplorer.csproj", "{AEF6BEFE-CB81-42AD-9913-5715E0F73A0E}"
EndProject
Project("{9A19103F-16F7-4668-BE54-9A1E7A4F7556}") = "TitanicExplorer.Data", "TitanicExplorer.Data\TitanicExplorer.Data.csproj", "{5A1CDFEE-E423-49D7-9298-2FBE3D06E844}"
EndProject
Project("{9A19103F-16F7-4668-BE54-9A1E7A4F7556}") = "TitanicExplorer.Data.Tests", "TitanicExplorer.Data.Tests\TitanicExplorer.Data.Tests.csproj", "{0CBD1BA4-3FA6-4C0D-ABD0-008E80D4A750}"
EndProject
Global
	GlobalSection(SolutionConfigurationPlatforms) = preSolution
		Debug|Any CPU = Debug|Any CPU
		Release|Any CPU = Release|Any CPU
	EndGlobalSection
	GlobalSection(ProjectConfigurationPlatforms) = postSolution
		{E135D581-700C-4ABB-A7F1-CD6E8B38C09C}.Debug|Any CPU.ActiveCfg = Debug|Any CPU
		{E135D581-700C-4ABB-A7F1-CD6E8B38C09C}.Debug|Any CPU.Build.0 = Debug|Any CPU
		{E135D581-700C-4ABB-A7F1-CD6E8B38C09C}.Release|Any CPU.ActiveCfg = Release|Any CPU
		{E135D581-700C-4ABB-A7F1-CD6E8B38C09C}.Release|Any CPU.Build.0 = Release|Any CPU
		{AEF6BEFE-CB81-42AD-9913-5715E0F73A0E}.Debug|Any CPU.ActiveCfg = Debug|Any CPU
		{AEF6BEFE-CB81-42AD-9913-5715E0F73A0E}.Debug|Any CPU.Build.0 = Debug|Any CPU
		{AEF6BEFE-CB81-42AD-9913-5715E0F73A0E}.Release|Any CPU.ActiveCfg = Release|Any CPU
		{AEF6BEFE-CB81-42AD-9913-5715E0F73A0E}.Release|Any CPU.Build.0 = Release|Any CPU
		{5A1CDFEE-E423-49D7-9298-2FBE3D06E844}.Debug|Any CPU.ActiveCfg = Debug|Any CPU
		{5A1CDFEE-E423-49D7-9298-2FBE3D06E844}.Debug|Any CPU.Build.0 = Debug|Any CPU
		{5A1CDFEE-E423-49D7-9298-2FBE3D06E844}.Release|Any CPU.ActiveCfg = Release|Any CPU
		{5A1CDFEE-E423-49D7-9298-2FBE3D06E844}.Release|Any CPU.Build.0 = Release|Any CPU
		{0CBD1BA4-3FA6-4C0D-ABD0-008E80D4A750}.Debug|Any CPU.ActiveCfg = Debug|Any CPU
		{0CBD1BA4-3FA6-4C0D-ABD0-008E80D4A750}.Debug|Any CPU.Build.0 = Debug|Any CPU
		{0CBD1BA4-3FA6-4C0D-ABD0-008E80D4A750}.Release|Any CPU.ActiveCfg = Release|Any CPU
		{0CBD1BA4-3FA6-4C0D-ABD0-008E80D4A750}.Release|Any CPU.Build.0 = Release|Any CPU
	EndGlobalSection
	GlobalSection(SolutionProperties) = preSolution
		HideSolutionNode = FALSE
	EndGlobalSection
	GlobalSection(ExtensibilityGlobals) = postSolution
		SolutionGuid = {F6D5540C-CD9E-4E07-AB8B-9D5BCD7B1A52}
	EndGlobalSection
EndGlobal
