
Microsoft Visual Studio Solution File, Format Version 12.00
# Visual Studio Version 17
VisualStudioVersion = 17.0.31903.59
MinimumVisualStudioVersion = 10.0.40219.1
Project("{FAE04EC0-301F-11D3-BF4B-00C04F79EFBC}") = "RiverBooks.Web", "RiverBooks.Web\RiverBooks.Web.csproj", "{A68B07E9-4F44-4EB3-B0FA-75855375ED67}"
EndProject
Project("{FAE04EC0-301F-11D3-BF4B-00C04F79EFBC}") = "RiverBooks.Books", "RiverBooks.Books\RiverBooks.Books.csproj", "{E2D39A99-A0C1-489D-8D4B-319DD69D6A7D}"
EndProject
Project("{2150E333-8FDC-42A3-9474-1A3956D46DE8}") = "_Solution Items", "_Solution Items", "{C4DFBCBB-3977-4B67-9140-7BF3E684B3E6}"
	ProjectSection(SolutionItems) = preProject
		.editorconfig = .editorconfig
		Directoy.Build.props = Directoy.Build.props
	EndProjectSection
EndProject
Project("{FAE04EC0-301F-11D3-BF4B-00C04F79EFBC}") = "RiverBooks.Books.Tests", "RiverBooks.Books.Tests\RiverBooks.Books.Tests.csproj", "{ACADF8A1-6121-4214-AB4B-3DE72D9E2DC0}"
EndProject
Project("{2150E333-8FDC-42A3-9474-1A3956D46DE8}") = "Books Module", "Books Module", "{0B28A4A1-C40C-4D0E-A1FE-F43C9ADB01B5}"
EndProject
Project("{2150E333-8FDC-42A3-9474-1A3956D46DE8}") = "Users Module", "Users Module", "{9A450FEC-9A4F-406F-9214-0AFE7097EFB6}"
EndProject
Project("{FAE04EC0-301F-11D3-BF4B-00C04F79EFBC}") = "RiverBooks.Users", "RiverBooks.Users\RiverBooks.Users.csproj", "{422794DE-2436-44E2-B4D1-4349B6518621}"
EndProject
Project("{FAE04EC0-301F-11D3-BF4B-00C04F79EFBC}") = "RiverBooks.Books.Contracts", "RiverBooks.Books.Contracts\RiverBooks.Books.Contracts.csproj", "{8A042E64-90E4-46CC-A95B-10F815154770}"
EndProject
Project("{2150E333-8FDC-42A3-9474-1A3956D46DE8}") = "OrderProcessing Module", "OrderProcessing Module", "{EFF6E55D-621C-410D-8689-D1C2E22A7593}"
EndProject
Project("{FAE04EC0-301F-11D3-BF4B-00C04F79EFBC}") = "RiverBooks.OrderProcessing", "RiverBooks.OrderProcessing\RiverBooks.OrderProcessing.csproj", "{20E246C7-3A5B-4734-BE58-FC28A49A61D0}"
EndProject
Project("{FAE04EC0-301F-11D3-BF4B-00C04F79EFBC}") = "RiverBooks.OrderProcessing.Contracts", "RiverBooks.OrderProcessing.Contracts\RiverBooks.OrderProcessing.Contracts.csproj", "{41C2AD18-8FE8-4A32-8AA0-62BC76437B27}"
EndProject
Project("{FAE04EC0-301F-11D3-BF4B-00C04F79EFBC}") = "RiverBooks.Users.Contracts", "RiverBooks.Users.Contracts\RiverBooks.Users.Contracts.csproj", "{EC5643EE-5D0E-4C11-923B-E474CE0816AE}"
EndProject
Project("{FAE04EC0-301F-11D3-BF4B-00C04F79EFBC}") = "RiverBooks.SharedKernel", "RiverBooks.SharedKernel\RiverBooks.SharedKernel.csproj", "{9BAE050C-E49F-4C42-8997-B20215025AAB}"
EndProject
Project("{FAE04EC0-301F-11D3-BF4B-00C04F79EFBC}") = "RiverBooks.OrderProcessing.Tests", "RiverBooks.OrderProcessing.Tests\RiverBooks.OrderProcessing.Tests.csproj", "{E7E172DF-A7B9-4603-871A-883E19CA5626}"
EndProject
Project("{2150E333-8FDC-42A3-9474-1A3956D46DE8}") = "EmailSending Module", "EmailSending Module", "{4510F757-27BD-4BDA-9AB6-584C5CF66677}"
EndProject
Project("{FAE04EC0-301F-11D3-BF4B-00C04F79EFBC}") = "RiverBooks.EmailSending", "RiverBooks.EmailSending\RiverBooks.EmailSending.csproj", "{AB24EBBE-57B1-4D45-837B-39707F48D662}"
EndProject
Project("{FAE04EC0-301F-11D3-BF4B-00C04F79EFBC}") = "RiverBooks.EmailSending.Contracts", "RiverBooks.EmailSending.Contracts\RiverBooks.EmailSending.Contracts.csproj", "{37D16E0F-AE0F-4F3E-927A-4D7976F1C2F4}"
EndProject
Global
	GlobalSection(SolutionConfigurationPlatforms) = preSolution
		Debug|Any CPU = Debug|Any CPU
		Release|Any CPU = Release|Any CPU
	EndGlobalSection
	GlobalSection(SolutionProperties) = preSolution
		HideSolutionNode = FALSE
	EndGlobalSection
	GlobalSection(ProjectConfigurationPlatforms) = postSolution
		{A68B07E9-4F44-4EB3-B0FA-75855375ED67}.Debug|Any CPU.ActiveCfg = Debug|Any CPU
		{A68B07E9-4F44-4EB3-B0FA-75855375ED67}.Debug|Any CPU.Build.0 = Debug|Any CPU
		{A68B07E9-4F44-4EB3-B0FA-75855375ED67}.Release|Any CPU.ActiveCfg = Release|Any CPU
		{A68B07E9-4F44-4EB3-B0FA-75855375ED67}.Release|Any CPU.Build.0 = Release|Any CPU
		{E2D39A99-A0C1-489D-8D4B-319DD69D6A7D}.Debug|Any CPU.ActiveCfg = Debug|Any CPU
		{E2D39A99-A0C1-489D-8D4B-319DD69D6A7D}.Debug|Any CPU.Build.0 = Debug|Any CPU
		{E2D39A99-A0C1-489D-8D4B-319DD69D6A7D}.Release|Any CPU.ActiveCfg = Release|Any CPU
		{E2D39A99-A0C1-489D-8D4B-319DD69D6A7D}.Release|Any CPU.Build.0 = Release|Any CPU
		{ACADF8A1-6121-4214-AB4B-3DE72D9E2DC0}.Debug|Any CPU.ActiveCfg = Debug|Any CPU
		{ACADF8A1-6121-4214-AB4B-3DE72D9E2DC0}.Debug|Any CPU.Build.0 = Debug|Any CPU
		{ACADF8A1-6121-4214-AB4B-3DE72D9E2DC0}.Release|Any CPU.ActiveCfg = Release|Any CPU
		{ACADF8A1-6121-4214-AB4B-3DE72D9E2DC0}.Release|Any CPU.Build.0 = Release|Any CPU
		{422794DE-2436-44E2-B4D1-4349B6518621}.Debug|Any CPU.ActiveCfg = Debug|Any CPU
		{422794DE-2436-44E2-B4D1-4349B6518621}.Debug|Any CPU.Build.0 = Debug|Any CPU
		{422794DE-2436-44E2-B4D1-4349B6518621}.Release|Any CPU.ActiveCfg = Release|Any CPU
		{422794DE-2436-44E2-B4D1-4349B6518621}.Release|Any CPU.Build.0 = Release|Any CPU
		{8A042E64-90E4-46CC-A95B-10F815154770}.Debug|Any CPU.ActiveCfg = Debug|Any CPU
		{8A042E64-90E4-46CC-A95B-10F815154770}.Debug|Any CPU.Build.0 = Debug|Any CPU
		{8A042E64-90E4-46CC-A95B-10F815154770}.Release|Any CPU.ActiveCfg = Release|Any CPU
		{8A042E64-90E4-46CC-A95B-10F815154770}.Release|Any CPU.Build.0 = Release|Any CPU
		{20E246C7-3A5B-4734-BE58-FC28A49A61D0}.Debug|Any CPU.ActiveCfg = Debug|Any CPU
		{20E246C7-3A5B-4734-BE58-FC28A49A61D0}.Debug|Any CPU.Build.0 = Debug|Any CPU
		{20E246C7-3A5B-4734-BE58-FC28A49A61D0}.Release|Any CPU.ActiveCfg = Release|Any CPU
		{20E246C7-3A5B-4734-BE58-FC28A49A61D0}.Release|Any CPU.Build.0 = Release|Any CPU
		{41C2AD18-8FE8-4A32-8AA0-62BC76437B27}.Debug|Any CPU.ActiveCfg = Debug|Any CPU
		{41C2AD18-8FE8-4A32-8AA0-62BC76437B27}.Debug|Any CPU.Build.0 = Debug|Any CPU
		{41C2AD18-8FE8-4A32-8AA0-62BC76437B27}.Release|Any CPU.ActiveCfg = Release|Any CPU
		{41C2AD18-8FE8-4A32-8AA0-62BC76437B27}.Release|Any CPU.Build.0 = Release|Any CPU
		{EC5643EE-5D0E-4C11-923B-E474CE0816AE}.Debug|Any CPU.ActiveCfg = Debug|Any CPU
		{EC5643EE-5D0E-4C11-923B-E474CE0816AE}.Debug|Any CPU.Build.0 = Debug|Any CPU
		{EC5643EE-5D0E-4C11-923B-E474CE0816AE}.Release|Any CPU.ActiveCfg = Release|Any CPU
		{EC5643EE-5D0E-4C11-923B-E474CE0816AE}.Release|Any CPU.Build.0 = Release|Any CPU
		{9BAE050C-E49F-4C42-8997-B20215025AAB}.Debug|Any CPU.ActiveCfg = Debug|Any CPU
		{9BAE050C-E49F-4C42-8997-B20215025AAB}.Debug|Any CPU.Build.0 = Debug|Any CPU
		{9BAE050C-E49F-4C42-8997-B20215025AAB}.Release|Any CPU.ActiveCfg = Release|Any CPU
		{9BAE050C-E49F-4C42-8997-B20215025AAB}.Release|Any CPU.Build.0 = Release|Any CPU
		{E7E172DF-A7B9-4603-871A-883E19CA5626}.Debug|Any CPU.ActiveCfg = Debug|Any CPU
		{E7E172DF-A7B9-4603-871A-883E19CA5626}.Debug|Any CPU.Build.0 = Debug|Any CPU
		{E7E172DF-A7B9-4603-871A-883E19CA5626}.Release|Any CPU.ActiveCfg = Release|Any CPU
		{E7E172DF-A7B9-4603-871A-883E19CA5626}.Release|Any CPU.Build.0 = Release|Any CPU
		{AB24EBBE-57B1-4D45-837B-39707F48D662}.Debug|Any CPU.ActiveCfg = Debug|Any CPU
		{AB24EBBE-57B1-4D45-837B-39707F48D662}.Debug|Any CPU.Build.0 = Debug|Any CPU
		{AB24EBBE-57B1-4D45-837B-39707F48D662}.Release|Any CPU.ActiveCfg = Release|Any CPU
		{AB24EBBE-57B1-4D45-837B-39707F48D662}.Release|Any CPU.Build.0 = Release|Any CPU
		{37D16E0F-AE0F-4F3E-927A-4D7976F1C2F4}.Debug|Any CPU.ActiveCfg = Debug|Any CPU
		{37D16E0F-AE0F-4F3E-927A-4D7976F1C2F4}.Debug|Any CPU.Build.0 = Debug|Any CPU
		{37D16E0F-AE0F-4F3E-927A-4D7976F1C2F4}.Release|Any CPU.ActiveCfg = Release|Any CPU
		{37D16E0F-AE0F-4F3E-927A-4D7976F1C2F4}.Release|Any CPU.Build.0 = Release|Any CPU
	EndGlobalSection
	GlobalSection(NestedProjects) = preSolution
		{E2D39A99-A0C1-489D-8D4B-319DD69D6A7D} = {0B28A4A1-C40C-4D0E-A1FE-F43C9ADB01B5}
		{ACADF8A1-6121-4214-AB4B-3DE72D9E2DC0} = {0B28A4A1-C40C-4D0E-A1FE-F43C9ADB01B5}
		{422794DE-2436-44E2-B4D1-4349B6518621} = {9A450FEC-9A4F-406F-9214-0AFE7097EFB6}
		{8A042E64-90E4-46CC-A95B-10F815154770} = {0B28A4A1-C40C-4D0E-A1FE-F43C9ADB01B5}
		{20E246C7-3A5B-4734-BE58-FC28A49A61D0} = {EFF6E55D-621C-410D-8689-D1C2E22A7593}
		{41C2AD18-8FE8-4A32-8AA0-62BC76437B27} = {EFF6E55D-621C-410D-8689-D1C2E22A7593}
		{EC5643EE-5D0E-4C11-923B-E474CE0816AE} = {9A450FEC-9A4F-406F-9214-0AFE7097EFB6}
		{E7E172DF-A7B9-4603-871A-883E19CA5626} = {EFF6E55D-621C-410D-8689-D1C2E22A7593}
		{AB24EBBE-57B1-4D45-837B-39707F48D662} = {4510F757-27BD-4BDA-9AB6-584C5CF66677}
		{37D16E0F-AE0F-4F3E-927A-4D7976F1C2F4} = {4510F757-27BD-4BDA-9AB6-584C5CF66677}
	EndGlobalSection
EndGlobal
